
Microsoft Visual Studio Solution File, Format Version 12.00
# Visual Studio Version 17
VisualStudioVersion = 17.14.36414.22
MinimumVisualStudioVersion = 10.0.40219.1
Project("{FAE04EC0-301F-11D3-BF4B-00C04F79EFBC}") = "TheFitzBankAPI", "TheFitzBank\TheFitzBankAPI.csproj", "{679EAA65-510C-447A-ABF2-6C89B9A1E2E7}"
EndProject
Project("{FAE04EC0-301F-11D3-BF4B-00C04F79EFBC}") = "TheFitzBankAPI.Tests", "TheFitzBankAPI.Tests\TheFitzBankAPI.Tests.csproj", "{B9A08612-C96F-4B2F-BEE7-39461E485E22}"
EndProject
Global
	GlobalSection(SolutionConfigurationPlatforms) = preSolution
		Debug|Any CPU = Debug|Any CPU
		Release|Any CPU = Release|Any CPU
	EndGlobalSection
	GlobalSection(ProjectConfigurationPlatforms) = postSolution
		{679EAA65-510C-447A-ABF2-6C89B9A1E2E7}.Debug|Any CPU.ActiveCfg = Debug|Any CPU
		{679EAA65-510C-447A-ABF2-6C89B9A1E2E7}.Debug|Any CPU.Build.0 = Debug|Any CPU
		{679EAA65-510C-447A-ABF2-6C89B9A1E2E7}.Release|Any CPU.ActiveCfg = Release|Any CPU
		{679EAA65-510C-447A-ABF2-6C89B9A1E2E7}.Release|Any CPU.Build.0 = Release|Any CPU
		{B9A08612-C96F-4B2F-BEE7-39461E485E22}.Debug|Any CPU.ActiveCfg = Debug|Any CPU
		{B9A08612-C96F-4B2F-BEE7-39461E485E22}.Debug|Any CPU.Build.0 = Debug|Any CPU
		{B9A08612-C96F-4B2F-BEE7-39461E485E22}.Release|Any CPU.ActiveCfg = Release|Any CPU
		{B9A08612-C96F-4B2F-BEE7-39461E485E22}.Release|Any CPU.Build.0 = Release|Any CPU
	EndGlobalSection
	GlobalSection(SolutionProperties) = preSolution
		HideSolutionNode = FALSE
	EndGlobalSection
	GlobalSection(ExtensibilityGlobals) = postSolution
		SolutionGuid = {F585DC0F-EF7A-4D1D-A3F4-CC8D9806053E}
	EndGlobalSection
EndGlobal
